{
  "nodes": {
    "flake-parts": {
      "inputs": {
        "nixpkgs-lib": [
          "neovim-nightly",
          "nixpkgs"
        ]
      },
      "locked": {
        "lastModified": 1775087534,
        "narHash": "sha256-91qqW8lhL7TLwgQWijoGBbiD4t7/q75KTi8NxjVmSmA=",
        "owner": "hercules-ci",
        "repo": "flake-parts",
        "rev": "3107b77cd68437b9a76194f0f7f9c55f2329ca5b",
        "type": "github"
      },
      "original": {
        "owner": "hercules-ci",
        "repo": "flake-parts",
        "type": "github"
      }
    },
    "neovim-nightly": {
      "inputs": {
        "flake-parts": "flake-parts",
        "neovim-src": "neovim-src",
        "nixpkgs": "nixpkgs"
      },
      "locked": {
        "lastModified": 1775628196,
        "narHash": "sha256-C9H4CHXo/yMEiYYi2BcUwCreCOqsF1DaMR2gimduPNE=",
        "owner": "nix-community",
        "repo": "neovim-nightly-overlay",
        "rev": "79ca5eedb2f68e2681eba7523acd43a12c3225d1",
        "type": "github"
      },
      "original": {
        "owner": "nix-community",
        "repo": "neovim-nightly-overlay",
        "type": "github"
      }
    },
    "neovim-src": {
      "flake": false,
      "locked": {
        "lastModified": 1775605133,
        "narHash": "sha256-QBi9quAM8C1ja7pu/lOZPkOP57/sbjA5Q+JJ/yNR81o=",
        "owner": "neovim",
        "repo": "neovim",
        "rev": "de674491800c0ecb6f6658512829a3d21c47fe5f",
        "type": "github"
      },
      "original": {
        "owner": "neovim",
        "repo": "neovim",
        "type": "github"
      }
    },
    "nixpkgs": {
      "locked": {
        "lastModified": 1775579569,
        "narHash": "sha256-/m3yyS/EnXqoPGBJYVy4jTOsirdgsEZ3JdN2gGkBr14=",
        "owner": "NixOS",
        "repo": "nixpkgs",
        "rev": "dfd9566f82a6e1d55c30f861879186440614696e",
        "type": "github"
      },
      "original": {
        "owner": "NixOS",
        "ref": "nixpkgs-unstable",
        "repo": "nixpkgs",
        "type": "github"
      }
    },
    "nixpkgs_2": {
      "locked": {
        "lastModified": 1775423009,
        "narHash": "sha256-vPKLpjhIVWdDrfiUM8atW6YkIggCEKdSAlJPzzhkQlw=",
        "owner": "NixOS",
        "repo": "nixpkgs",
        "rev": "68d8aa3d661f0e6bd5862291b5bb263b2a6595c9",
        "type": "github"
      },
      "original": {
        "owner": "NixOS",
        "ref": "nixos-unstable",
        "repo": "nixpkgs",
        "type": "github"
      }
    },
    "root": {
      "inputs": {
        "neovim-nightly": "neovim-nightly",
        "nixpkgs": "nixpkgs_2"
      }
    }
  },
  "root": "root",
  "version": 7
}
